{
  "name": "nyadiscord.js",
  "version": "1.0.0",
  "lockfileVersion": 3,
  "requires": true,
  "packages": {
    "": {
      "name": "nyadiscord.js",
      "version": "1.0.0",
      "license": "ISC",
      "dependencies": {
        "@imjxsx/envy": "^2.0.0",
        "@imjxsx/localdb": "^1.1.1",
        "ws": "^8.18.3"
      }
    },
    "node_modules/@imjxsx/colors": {
      "version": "1.0.4",
      "resolved": "https://registry.npmjs.org/@imjxsx/colors/-/colors-1.0.4.tgz",
      "integrity": "sha512-uHcKXvvIFKh34yHC9lbpP8aspyDHvh62FxzkSzKBaE3EWbRVR3mFIAu8v2S1WKsjl7pFQSzdWNFVR2YrXpcmqg=="
    },
    "node_modules/@imjxsx/envy": {
      "version": "2.0.0",
      "resolved": "https://registry.npmjs.org/@imjxsx/envy/-/envy-2.0.0.tgz",
      "integrity": "sha512-X6LGHO7wSSiTb1v40g5GQHbfqqun9jUzwgEsWfkeRhHSvefxLkvJYqfVY0yiiAC+eTu8FGJhpQt9yMZo5ygJtA==",
      "dependencies": {
        "@imjxsx/logger": "1.1.1"
      },
      "engines": {
        "node": ">=20.0.0"
      }
    },
    "node_modules/@imjxsx/localdb": {
      "version": "1.1.1",
      "resolved": "https://registry.npmjs.org/@imjxsx/localdb/-/localdb-1.1.1.tgz",
      "integrity": "sha512-PCaa0mCvhlEJCnn6KiepGLRKz4BaYn+CdBpM/4wRYsb0mAfnwsey/80fGUKQGv0S+BHdK9Xb/RpzJlxq3FNERQ==",
      "license": "MIT",
      "dependencies": {
        "bson": "6.10.4"
      },
      "engines": {
        "node": ">=20.0.0"
      }
    },
    "node_modules/@imjxsx/logger": {
      "version": "1.1.1",
      "resolved": "https://registry.npmjs.org/@imjxsx/logger/-/logger-1.1.1.tgz",
      "integrity": "sha512-PGW+ufAR12ytnvpp5pQsdRG9kFbHIJGok7ETTfvvySXztphZn3a/OXsvxl9V+0wc9cv2Ih9vBhJ7gJlV34Ld1g==",
      "dependencies": {
        "@imjxsx/colors": "1.0.4"
      }
    },
    "node_modules/bson": {
      "version": "6.10.4",
      "resolved": "https://registry.npmjs.org/bson/-/bson-6.10.4.tgz",
      "integrity": "sha512-WIsKqkSC0ABoBJuT1LEX+2HEvNmNKKgnTAyd0fL8qzK4SH2i9NXg+t08YtdZp/V9IZ33cxe3iV4yM0qg8lMQng==",
      "license": "Apache-2.0",
      "engines": {
        "node": ">=16.20.1"
      }
    },
    "node_modules/ws": {
      "version": "8.18.3",
      "resolved": "https://registry.npmjs.org/ws/-/ws-8.18.3.tgz",
      "integrity": "sha512-PEIGCY5tSlUt50cqyMXfCzX+oOPqN0vuGqWzbcJ2xvnkzkq46oOpz7dQaTDBdfICb4N14+GARUDw2XV2N4tvzg==",
      "license": "MIT",
      "engines": {
        "node": ">=10.0.0"
      },
      "peerDependencies": {
        "bufferutil": "^4.0.1",
        "utf-8-validate": ">=5.0.2"
      },
      "peerDependenciesMeta": {
        "bufferutil": {
          "optional": true
        },
        "utf-8-validate": {
          "optional": true
        }
      }
    }
  }
}
